
Microsoft Visual Studio Solution File, Format Version 12.00
# Visual Studio 15
VisualStudioVersion = 15.0.28307.421
MinimumVisualStudioVersion = 10.0.40219.1
Project("{9A19103F-16F7-4668-BE54-9A1E7A4F7556}") = "19115", "19115\19115.csproj", "{DAFF03AD-9C10-4DA0-A70F-53B0CAC504EC}"
EndProject
Project("{9A19103F-16F7-4668-BE54-9A1E7A4F7556}") = "19115.Domain", "19115.Domain\19115.Domain.csproj", "{B34CEE83-3555-4F0D-9343-2218D1CDB553}"
EndProject
Project("{9A19103F-16F7-4668-BE54-9A1E7A4F7556}") = "19115.Adapters", "19115.Adapters\19115.Adapters.csproj", "{689A1F8A-C6DA-4B7D-9CD4-14F9D6C819AC}"
EndProject
Project("{151D2E53-A2C4-4D7D-83FE-D05416EBD58E}") = "19115.Deployment", "19115.Deployment\19115.Deployment.deployproj", "{74168BAC-D6EE-4CB3-B761-9DC906DED1F3}"
EndProject
Global
	GlobalSection(SolutionConfigurationPlatforms) = preSolution
		Debug|Any CPU = Debug|Any CPU
		Release|Any CPU = Release|Any CPU
	EndGlobalSection
	GlobalSection(ProjectConfigurationPlatforms) = postSolution
		{DAFF03AD-9C10-4DA0-A70F-53B0CAC504EC}.Debug|Any CPU.ActiveCfg = Debug|Any CPU
		{DAFF03AD-9C10-4DA0-A70F-53B0CAC504EC}.Debug|Any CPU.Build.0 = Debug|Any CPU
		{DAFF03AD-9C10-4DA0-A70F-53B0CAC504EC}.Release|Any CPU.ActiveCfg = Release|Any CPU
		{DAFF03AD-9C10-4DA0-A70F-53B0CAC504EC}.Release|Any CPU.Build.0 = Release|Any CPU
		{B34CEE83-3555-4F0D-9343-2218D1CDB553}.Debug|Any CPU.ActiveCfg = Debug|Any CPU
		{B34CEE83-3555-4F0D-9343-2218D1CDB553}.Debug|Any CPU.Build.0 = Debug|Any CPU
		{B34CEE83-3555-4F0D-9343-2218D1CDB553}.Release|Any CPU.ActiveCfg = Release|Any CPU
		{B34CEE83-3555-4F0D-9343-2218D1CDB553}.Release|Any CPU.Build.0 = Release|Any CPU
		{689A1F8A-C6DA-4B7D-9CD4-14F9D6C819AC}.Debug|Any CPU.ActiveCfg = Debug|Any CPU
		{689A1F8A-C6DA-4B7D-9CD4-14F9D6C819AC}.Debug|Any CPU.Build.0 = Debug|Any CPU
		{689A1F8A-C6DA-4B7D-9CD4-14F9D6C819AC}.Release|Any CPU.ActiveCfg = Release|Any CPU
		{689A1F8A-C6DA-4B7D-9CD4-14F9D6C819AC}.Release|Any CPU.Build.0 = Release|Any CPU
		{74168BAC-D6EE-4CB3-B761-9DC906DED1F3}.Debug|Any CPU.ActiveCfg = Debug|Any CPU
		{74168BAC-D6EE-4CB3-B761-9DC906DED1F3}.Debug|Any CPU.Build.0 = Debug|Any CPU
		{74168BAC-D6EE-4CB3-B761-9DC906DED1F3}.Release|Any CPU.ActiveCfg = Release|Any CPU
		{74168BAC-D6EE-4CB3-B761-9DC906DED1F3}.Release|Any CPU.Build.0 = Release|Any CPU
	EndGlobalSection
	GlobalSection(SolutionProperties) = preSolution
		HideSolutionNode = FALSE
	EndGlobalSection
	GlobalSection(ExtensibilityGlobals) = postSolution
		SolutionGuid = {7CED7222-77B8-4513-8A22-31AFC5557E55}
	EndGlobalSection
EndGlobal
