
Microsoft Visual Studio Solution File, Format Version 12.00
# Visual Studio 15
VisualStudioVersion = 15.0.28307.421
MinimumVisualStudioVersion = 10.0.40219.1
Project("{151D2E53-A2C4-4D7D-83FE-D05416EBD58E}") = "WebAppResourceGroup", "WebAppResourceGroup\WebAppResourceGroup.deployproj", "{74168BAC-D6EE-4CB3-B761-9DC906DED1F3}"
EndProject
Global
	GlobalSection(SolutionConfigurationPlatforms) = preSolution
		Debug|Any CPU = Debug|Any CPU
		Release|Any CPU = Release|Any CPU
	EndGlobalSection
	GlobalSection(ProjectConfigurationPlatforms) = postSolution
		{74168BAC-D6EE-4CB3-B761-9DC906DED1F3}.Debug|Any CPU.ActiveCfg = Debug|Any CPU
		{74168BAC-D6EE-4CB3-B761-9DC906DED1F3}.Debug|Any CPU.Build.0 = Debug|Any CPU
		{74168BAC-D6EE-4CB3-B761-9DC906DED1F3}.Release|Any CPU.ActiveCfg = Release|Any CPU
		{74168BAC-D6EE-4CB3-B761-9DC906DED1F3}.Release|Any CPU.Build.0 = Release|Any CPU
	EndGlobalSection
	GlobalSection(SolutionProperties) = preSolution
		HideSolutionNode = FALSE
	EndGlobalSection
	GlobalSection(ExtensibilityGlobals) = postSolution
		SolutionGuid = {C247B43A-4FC1-4208-8DC3-FE208487D981}
	EndGlobalSection
EndGlobal
